<?xml version="1.0" encoding="utf-8"?>
<Project ToolsVersion="4.0" xmlns="http://schemas.microsoft.com/developer/msbuild/2003">
  <ItemGroup>
    <Filter Include="sources">
      <UniqueIdentifier>{10cc12de-b40e-4c65-83b1-a2141c341e62}</UniqueIdentifier>
    </Filter>
    <Filter Include="sources\analyzer">
      <UniqueIdentifier>{b45a2469-c7f4-4599-ab09-a5e710f99098}</UniqueIdentifier>
    </Filter>
  </ItemGroup>
  <ItemGroup>
    <None Include="..\..\..\..\sources\sc_analyzer\_build_in.inl">
      <Filter>sources</Filter>
    </None>
    <None Include="..\..\..\..\sources\sc_analyzer\analyzer\ClojureAnalyzer.inl">
      <Filter>sources\analyzer</Filter>
    </None>
    <None Include="..\..\..\..\sources\sc_analyzer\analyzer\CppAnalyzer.inl">
      <Filter>sources\analyzer</Filter>
    </None>
    <None Include="..\..\..\..\sources\sc_analyzer\analyzer\PythonAnalyzer.inl">
      <Filter>sources\analyzer</Filter>
    </None>
    <None Include="..\..\..\..\sources\sc_analyzer\analyzer\RubyAnalyzer.inl">
      <Filter>sources\analyzer</Filter>
    </None>
  </ItemGroup>
  <ItemGroup>
    <ClInclude Include="..\..\..\..\sources\sc_analyzer\LangRules.h">
      <Filter>sources</Filter>
    </ClInclude>
    <ClInclude Include="..\..\..\..\sources\sc_analyzer\analyzer\Analyzer.h">
      <Filter>sources\analyzer</Filter>
    </ClInclude>
    <ClInclude Include="..\..\..\..\sources\sc_analyzer\Counter.h">
      <Filter>sources</Filter>
    </ClInclude>
    <ClInclude Include="..\..\..\..\sources\sc_analyzer\ReportItem.h">
      <Filter>sources</Filter>
    </ClInclude>
    <ClInclude Include="..\..\..\..\sources\sc_analyzer\ReportType.h">
      <Filter>sources</Filter>
    </ClInclude>
  </ItemGroup>
  <ItemGroup>
    <ClCompile Include="..\..\..\..\sources\sc_analyzer\LangRules.cpp">
      <Filter>sources</Filter>
    </ClCompile>
    <ClCompile Include="..\..\..\..\sources\sc_analyzer\analyzer\Analyzer.cpp">
      <Filter>sources\analyzer</Filter>
    </ClCompile>
    <ClCompile Include="..\..\..\..\sources\sc_analyzer\Counter.cpp">
      <Filter>sources</Filter>
    </ClCompile>
  </ItemGroup>
</Project>