// !$*UTF8*$!
{
	archiveVersion = 1;
	classes = {
	};
	objectVersion = 50;
	objects = {

/* Begin PBXBuildFile section */
		18B9864023B8CC2800684DC7 /* Option.cpp in Sources */ = {isa = PBXBuildFile; fileRef = 18B9862D23B8CC2800684DC7 /* Option.cpp */; };
		18B9864123B8CC2800684DC7 /* LangRules.cpp in Sources */ = {isa = PBXBuildFile; fileRef = 18B9862F23B8CC2800684DC7 /* LangRules.cpp */; };
		18B9864223B8CC2800684DC7 /* Rapporteur.cpp in Sources */ = {isa = PBXBuildFile; fileRef = 18B9863723B8CC2800684DC7 /* Rapporteur.cpp */; };
		18B9864323B8CC2800684DC7 /* Analyzer.cpp in Sources */ = {isa = PBXBuildFile; fileRef = 18B9863C23B8CC2800684DC7 /* Analyzer.cpp */; };
		18B9864423B8CC2800684DC7 /* Main.cpp in Sources */ = {isa = PBXBuildFile; fileRef = 18B9863F23B8CC2800684DC7 /* Main.cpp */; };
/* End PBXBuildFile section */

/* Begin PBXCopyFilesBuildPhase section */
		18301D2F23B4D58B00767835 /* CopyFiles */ = {
			isa = PBXCopyFilesBuildPhase;
			buildActionMask = 2147483647;
			dstPath = /usr/share/man/man1/;
			dstSubfolderSpec = 0;
			files = (
			);
			runOnlyForDeploymentPostprocessing = 1;
		};
/* End PBXCopyFilesBuildPhase section */

/* Begin PBXFileReference section */
		18301D3123B4D58B00767835 /* SourceCounter */ = {isa = PBXFileReference; explicitFileType = "compiled.mach-o.executable"; includeInIndex = 0; path = SourceCounter; sourceTree = BUILT_PRODUCTS_DIR; };
		18B9862A23B8CC2800684DC7 /* _help_info.inl */ = {isa = PBXFileReference; fileEncoding = 4; lastKnownFileType = text; path = _help_info.inl; sourceTree = "<group>"; };
		18B9862B23B8CC2800684DC7 /* LangRules.h */ = {isa = PBXFileReference; fileEncoding = 4; lastKnownFileType = sourcecode.c.h; path = LangRules.h; sourceTree = "<group>"; };
		18B9862C23B8CC2800684DC7 /* Option.h */ = {isa = PBXFileReference; fileEncoding = 4; lastKnownFileType = sourcecode.c.h; path = Option.h; sourceTree = "<group>"; };
		18B9862D23B8CC2800684DC7 /* Option.cpp */ = {isa = PBXFileReference; fileEncoding = 4; lastKnownFileType = sourcecode.cpp.cpp; path = Option.cpp; sourceTree = "<group>"; };
		18B9862E23B8CC2800684DC7 /* _build_in.inl */ = {isa = PBXFileReference; fileEncoding = 4; lastKnownFileType = text; path = _build_in.inl; sourceTree = "<group>"; };
		18B9862F23B8CC2800684DC7 /* LangRules.cpp */ = {isa = PBXFileReference; fileEncoding = 4; lastKnownFileType = sourcecode.cpp.cpp; path = LangRules.cpp; sourceTree = "<group>"; };
		18B9863123B8CC2800684DC7 /* json.hpp */ = {isa = PBXFileReference; fileEncoding = 4; lastKnownFileType = sourcecode.cpp.h; path = json.hpp; sourceTree = "<group>"; };
		18B9863223B8CC2800684DC7 /* xf_cmd_parser.h */ = {isa = PBXFileReference; fileEncoding = 4; lastKnownFileType = sourcecode.c.h; path = xf_cmd_parser.h; sourceTree = "<group>"; };
		18B9863323B8CC2800684DC7 /* xf_log_console.h */ = {isa = PBXFileReference; fileEncoding = 4; lastKnownFileType = sourcecode.c.h; path = xf_log_console.h; sourceTree = "<group>"; };
		18B9863523B8CC2800684DC7 /* Rapporteur.h */ = {isa = PBXFileReference; fileEncoding = 4; lastKnownFileType = sourcecode.c.h; path = Rapporteur.h; sourceTree = "<group>"; };
		18B9863623B8CC2800684DC7 /* FileReport.h */ = {isa = PBXFileReference; fileEncoding = 4; lastKnownFileType = sourcecode.c.h; path = FileReport.h; sourceTree = "<group>"; };
		18B9863723B8CC2800684DC7 /* Rapporteur.cpp */ = {isa = PBXFileReference; fileEncoding = 4; lastKnownFileType = sourcecode.cpp.cpp; path = Rapporteur.cpp; sourceTree = "<group>"; };
		18B9863923B8CC2800684DC7 /* ClojureAnalyzer.inl */ = {isa = PBXFileReference; fileEncoding = 4; lastKnownFileType = text; path = ClojureAnalyzer.inl; sourceTree = "<group>"; };
		18B9863A23B8CC2800684DC7 /* CppAnalyzer.inl */ = {isa = PBXFileReference; fileEncoding = 4; lastKnownFileType = text; path = CppAnalyzer.inl; sourceTree = "<group>"; };
		18B9863B23B8CC2800684DC7 /* Analyzer.h */ = {isa = PBXFileReference; fileEncoding = 4; lastKnownFileType = sourcecode.c.h; path = Analyzer.h; sourceTree = "<group>"; };
		18B9863C23B8CC2800684DC7 /* Analyzer.cpp */ = {isa = PBXFileReference; fileEncoding = 4; lastKnownFileType = sourcecode.cpp.cpp; path = Analyzer.cpp; sourceTree = "<group>"; };
		18B9863D23B8CC2800684DC7 /* RubyAnalyzer.inl */ = {isa = PBXFileReference; fileEncoding = 4; lastKnownFileType = text; path = RubyAnalyzer.inl; sourceTree = "<group>"; };
		18B9863E23B8CC2800684DC7 /* PythonAnalyzer.inl */ = {isa = PBXFileReference; fileEncoding = 4; lastKnownFileType = text; path = PythonAnalyzer.inl; sourceTree = "<group>"; };
		18B9863F23B8CC2800684DC7 /* Main.cpp */ = {isa = PBXFileReference; fileEncoding = 4; lastKnownFileType = sourcecode.cpp.cpp; path = Main.cpp; sourceTree = "<group>"; };
/* End PBXFileReference section */

/* Begin PBXFrameworksBuildPhase section */
		18301D2E23B4D58B00767835 /* Frameworks */ = {
			isa = PBXFrameworksBuildPhase;
			buildActionMask = 2147483647;
			files = (
			);
			runOnlyForDeploymentPostprocessing = 0;
		};
/* End PBXFrameworksBuildPhase section */

/* Begin PBXGroup section */
		18301D2823B4D58B00767835 = {
			isa = PBXGroup;
			children = (
				18B9862823B8CC2800684DC7 /* sources */,
				18301D3223B4D58B00767835 /* Products */,
			);
			sourceTree = "<group>";
		};
		18301D3223B4D58B00767835 /* Products */ = {
			isa = PBXGroup;
			children = (
				18301D3123B4D58B00767835 /* SourceCounter */,
			);
			name = Products;
			sourceTree = "<group>";
		};
		18B9862823B8CC2800684DC7 /* sources */ = {
			isa = PBXGroup;
			children = (
				18B9862923B8CC2800684DC7 /* config */,
				18B9863023B8CC2800684DC7 /* third */,
				18B9863423B8CC2800684DC7 /* counter */,
				18B9863F23B8CC2800684DC7 /* Main.cpp */,
			);
			name = sources;
			path = ../../../../sources;
			sourceTree = "<group>";
		};
		18B9862923B8CC2800684DC7 /* config */ = {
			isa = PBXGroup;
			children = (
				18B9862A23B8CC2800684DC7 /* _help_info.inl */,
				18B9862B23B8CC2800684DC7 /* LangRules.h */,
				18B9862C23B8CC2800684DC7 /* Option.h */,
				18B9862D23B8CC2800684DC7 /* Option.cpp */,
				18B9862E23B8CC2800684DC7 /* _build_in.inl */,
				18B9862F23B8CC2800684DC7 /* LangRules.cpp */,
			);
			path = config;
			sourceTree = "<group>";
		};
		18B9863023B8CC2800684DC7 /* third */ = {
			isa = PBXGroup;
			children = (
				18B9863123B8CC2800684DC7 /* json.hpp */,
				18B9863223B8CC2800684DC7 /* xf_cmd_parser.h */,
				18B9863323B8CC2800684DC7 /* xf_log_console.h */,
			);
			path = third;
			sourceTree = "<group>";
		};
		18B9863423B8CC2800684DC7 /* counter */ = {
			isa = PBXGroup;
			children = (
				18B9863523B8CC2800684DC7 /* Rapporteur.h */,
				18B9863623B8CC2800684DC7 /* FileReport.h */,
				18B9863723B8CC2800684DC7 /* Rapporteur.cpp */,
				18B9863823B8CC2800684DC7 /* analyzer */,
			);
			path = counter;
			sourceTree = "<group>";
		};
		18B9863823B8CC2800684DC7 /* analyzer */ = {
			isa = PBXGroup;
			children = (
				18B9863923B8CC2800684DC7 /* ClojureAnalyzer.inl */,
				18B9863A23B8CC2800684DC7 /* CppAnalyzer.inl */,
				18B9863B23B8CC2800684DC7 /* Analyzer.h */,
				18B9863C23B8CC2800684DC7 /* Analyzer.cpp */,
				18B9863D23B8CC2800684DC7 /* RubyAnalyzer.inl */,
				18B9863E23B8CC2800684DC7 /* PythonAnalyzer.inl */,
			);
			path = analyzer;
			sourceTree = "<group>";
		};
/* End PBXGroup section */

/* Begin PBXNativeTarget section */
		18301D3023B4D58B00767835 /* SourceCounter */ = {
			isa = PBXNativeTarget;
			buildConfigurationList = 18301D3823B4D58B00767835 /* Build configuration list for PBXNativeTarget "SourceCounter" */;
			buildPhases = (
				18301D2D23B4D58B00767835 /* Sources */,
				18301D2E23B4D58B00767835 /* Frameworks */,
				18301D2F23B4D58B00767835 /* CopyFiles */,
			);
			buildRules = (
			);
			dependencies = (
			);
			name = SourceCounter;
			productName = SourceCounter;
			productReference = 18301D3123B4D58B00767835 /* SourceCounter */;
			productType = "com.apple.product-type.tool";
		};
/* End PBXNativeTarget section */

/* Begin PBXProject section */
		18301D2923B4D58B00767835 /* Project object */ = {
			isa = PBXProject;
			attributes = {
				LastUpgradeCheck = 1120;
				ORGANIZATIONNAME = "Jie Xiao";
				TargetAttributes = {
					18301D3023B4D58B00767835 = {
						CreatedOnToolsVersion = 11.2;
					};
				};
			};
			buildConfigurationList = 18301D2C23B4D58B00767835 /* Build configuration list for PBXProject "SourceCounter" */;
			compatibilityVersion = "Xcode 9.3";
			developmentRegion = en;
			hasScannedForEncodings = 0;
			knownRegions = (
				en,
				Base,
			);
			mainGroup = 18301D2823B4D58B00767835;
			productRefGroup = 18301D3223B4D58B00767835 /* Products */;
			projectDirPath = "";
			projectRoot = "";
			targets = (
				18301D3023B4D58B00767835 /* SourceCounter */,
			);
		};
/* End PBXProject section */

/* Begin PBXSourcesBuildPhase section */
		18301D2D23B4D58B00767835 /* Sources */ = {
			isa = PBXSourcesBuildPhase;
			buildActionMask = 2147483647;
			files = (
				18B9864023B8CC2800684DC7 /* Option.cpp in Sources */,
				18B9864223B8CC2800684DC7 /* Rapporteur.cpp in Sources */,
				18B9864123B8CC2800684DC7 /* LangRules.cpp in Sources */,
				18B9864323B8CC2800684DC7 /* Analyzer.cpp in Sources */,
				18B9864423B8CC2800684DC7 /* Main.cpp in Sources */,
			);
			runOnlyForDeploymentPostprocessing = 0;
		};
/* End PBXSourcesBuildPhase section */

/* Begin XCBuildConfiguration section */
		18301D3623B4D58B00767835 /* Debug */ = {
			isa = XCBuildConfiguration;
			buildSettings = {
				ALWAYS_SEARCH_USER_PATHS = NO;
				CLANG_ANALYZER_NONNULL = YES;
				CLANG_ANALYZER_NUMBER_OBJECT_CONVERSION = YES_AGGRESSIVE;
				CLANG_CXX_LANGUAGE_STANDARD = "c++17";
				CLANG_CXX_LIBRARY = "libc++";
				CLANG_ENABLE_MODULES = YES;
				CLANG_ENABLE_OBJC_ARC = YES;
				CLANG_ENABLE_OBJC_WEAK = YES;
				CLANG_WARN_BLOCK_CAPTURE_AUTORELEASING = YES;
				CLANG_WARN_BOOL_CONVERSION = YES;
				CLANG_WARN_COMMA = YES;
				CLANG_WARN_CONSTANT_CONVERSION = YES;
				CLANG_WARN_DEPRECATED_OBJC_IMPLEMENTATIONS = YES;
				CLANG_WARN_DIRECT_OBJC_ISA_USAGE = YES_ERROR;
				CLANG_WARN_DOCUMENTATION_COMMENTS = YES;
				CLANG_WARN_EMPTY_BODY = YES;
				CLANG_WARN_ENUM_CONVERSION = YES;
				CLANG_WARN_INFINITE_RECURSION = YES;
				CLANG_WARN_INT_CONVERSION = YES;
				CLANG_WARN_NON_LITERAL_NULL_CONVERSION = YES;
				CLANG_WARN_OBJC_IMPLICIT_RETAIN_SELF = YES;
				CLANG_WARN_OBJC_LITERAL_CONVERSION = YES;
				CLANG_WARN_OBJC_ROOT_CLASS = YES_ERROR;
				CLANG_WARN_RANGE_LOOP_ANALYSIS = YES;
				CLANG_WARN_STRICT_PROTOTYPES = YES;
				CLANG_WARN_SUSPICIOUS_MOVE = YES;
				CLANG_WARN_UNGUARDED_AVAILABILITY = YES_AGGRESSIVE;
				CLANG_WARN_UNREACHABLE_CODE = YES;
				CLANG_WARN__DUPLICATE_METHOD_MATCH = YES;
				COPY_PHASE_STRIP = NO;
				DEBUG_INFORMATION_FORMAT = dwarf;
				ENABLE_STRICT_OBJC_MSGSEND = YES;
				ENABLE_TESTABILITY = YES;
				GCC_C_LANGUAGE_STANDARD = gnu11;
				GCC_NO_COMMON_BLOCKS = YES;
				GCC_OPTIMIZATION_LEVEL = 0;
				GCC_PREPROCESSOR_DEFINITIONS = (
					"DEBUG=1",
					"$(inherited)",
				);
				GCC_WARN_64_TO_32_BIT_CONVERSION = YES;
				GCC_WARN_ABOUT_RETURN_TYPE = YES_ERROR;
				GCC_WARN_UNDECLARED_SELECTOR = YES;
				GCC_WARN_UNINITIALIZED_AUTOS = YES_AGGRESSIVE;
				GCC_WARN_UNUSED_FUNCTION = YES;
				GCC_WARN_UNUSED_VARIABLE = YES;
				MACOSX_DEPLOYMENT_TARGET = 10.15;
				MTL_ENABLE_DEBUG_INFO = INCLUDE_SOURCE;
				MTL_FAST_MATH = YES;
				ONLY_ACTIVE_ARCH = YES;
				SDKROOT = macosx;
			};
			name = Debug;
		};
		18301D3723B4D58B00767835 /* Release */ = {
			isa = XCBuildConfiguration;
			buildSettings = {
				ALWAYS_SEARCH_USER_PATHS = NO;
				CLANG_ANALYZER_NONNULL = YES;
				CLANG_ANALYZER_NUMBER_OBJECT_CONVERSION = YES_AGGRESSIVE;
				CLANG_CXX_LANGUAGE_STANDARD = "c++17";
				CLANG_CXX_LIBRARY = "libc++";
				CLANG_ENABLE_MODULES = YES;
				CLANG_ENABLE_OBJC_ARC = YES;
				CLANG_ENABLE_OBJC_WEAK = YES;
				CLANG_WARN_BLOCK_CAPTURE_AUTORELEASING = YES;
				CLANG_WARN_BOOL_CONVERSION = YES;
				CLANG_WARN_COMMA = YES;
				CLANG_WARN_CONSTANT_CONVERSION = YES;
				CLANG_WARN_DEPRECATED_OBJC_IMPLEMENTATIONS = YES;
				CLANG_WARN_DIRECT_OBJC_ISA_USAGE = YES_ERROR;
				CLANG_WARN_DOCUMENTATION_COMMENTS = YES;
				CLANG_WARN_EMPTY_BODY = YES;
				CLANG_WARN_ENUM_CONVERSION = YES;
				CLANG_WARN_INFINITE_RECURSION = YES;
				CLANG_WARN_INT_CONVERSION = YES;
				CLANG_WARN_NON_LITERAL_NULL_CONVERSION = YES;
				CLANG_WARN_OBJC_IMPLICIT_RETAIN_SELF = YES;
				CLANG_WARN_OBJC_LITERAL_CONVERSION = YES;
				CLANG_WARN_OBJC_ROOT_CLASS = YES_ERROR;
				CLANG_WARN_RANGE_LOOP_ANALYSIS = YES;
				CLANG_WARN_STRICT_PROTOTYPES = YES;
				CLANG_WARN_SUSPICIOUS_MOVE = YES;
				CLANG_WARN_UNGUARDED_AVAILABILITY = YES_AGGRESSIVE;
				CLANG_WARN_UNREACHABLE_CODE = YES;
				CLANG_WARN__DUPLICATE_METHOD_MATCH = YES;
				COPY_PHASE_STRIP = NO;
				DEBUG_INFORMATION_FORMAT = "dwarf-with-dsym";
				ENABLE_NS_ASSERTIONS = NO;
				ENABLE_STRICT_OBJC_MSGSEND = YES;
				GCC_C_LANGUAGE_STANDARD = gnu11;
				GCC_NO_COMMON_BLOCKS = YES;
				GCC_WARN_64_TO_32_BIT_CONVERSION = YES;
				GCC_WARN_ABOUT_RETURN_TYPE = YES_ERROR;
				GCC_WARN_UNDECLARED_SELECTOR = YES;
				GCC_WARN_UNINITIALIZED_AUTOS = YES_AGGRESSIVE;
				GCC_WARN_UNUSED_FUNCTION = YES;
				GCC_WARN_UNUSED_VARIABLE = YES;
				MACOSX_DEPLOYMENT_TARGET = 10.15;
				MTL_ENABLE_DEBUG_INFO = NO;
				MTL_FAST_MATH = YES;
				SDKROOT = macosx;
			};
			name = Release;
		};
		18301D3923B4D58B00767835 /* Debug */ = {
			isa = XCBuildConfiguration;
			buildSettings = {
				CODE_SIGN_STYLE = Automatic;
				DEVELOPMENT_TEAM = Z2V2BG5RY5;
				PRODUCT_NAME = "$(TARGET_NAME)";
			};
			name = Debug;
		};
		18301D3A23B4D58B00767835 /* Release */ = {
			isa = XCBuildConfiguration;
			buildSettings = {
				CODE_SIGN_STYLE = Automatic;
				DEVELOPMENT_TEAM = Z2V2BG5RY5;
				PRODUCT_NAME = "$(TARGET_NAME)";
			};
			name = Release;
		};
/* End XCBuildConfiguration section */

/* Begin XCConfigurationList section */
		18301D2C23B4D58B00767835 /* Build configuration list for PBXProject "SourceCounter" */ = {
			isa = XCConfigurationList;
			buildConfigurations = (
				18301D3623B4D58B00767835 /* Debug */,
				18301D3723B4D58B00767835 /* Release */,
			);
			defaultConfigurationIsVisible = 0;
			defaultConfigurationName = Release;
		};
		18301D3823B4D58B00767835 /* Build configuration list for PBXNativeTarget "SourceCounter" */ = {
			isa = XCConfigurationList;
			buildConfigurations = (
				18301D3923B4D58B00767835 /* Debug */,
				18301D3A23B4D58B00767835 /* Release */,
			);
			defaultConfigurationIsVisible = 0;
			defaultConfigurationName = Release;
		};
/* End XCConfigurationList section */
	};
	rootObject = 18301D2923B4D58B00767835 /* Project object */;
}
