<?xml version="1.0" encoding="utf-8"?>
<Project ToolsVersion="4.0" xmlns="http://schemas.microsoft.com/developer/msbuild/2003">
  <ItemGroup>
    <Filter Include="sources">
      <UniqueIdentifier>{93995380-89BD-4b04-88EB-625FBE52EBFB}</UniqueIdentifier>
      <Extensions>h;hh;hpp;hxx;hm;inl;inc;ipp;xsd</Extensions>
    </Filter>
  </ItemGroup>
  <ItemGroup>
    <None Include="..\..\..\..\sources\sc_console\_help_info.inl">
      <Filter>sources</Filter>
    </None>
  </ItemGroup>
  <ItemGroup>
    <ClCompile Include="..\..\..\..\sources\sc_console\Main.cpp">
      <Filter>sources</Filter>
    </ClCompile>
    <ClCompile Include="..\..\..\..\sources\sc_console\Rapporteur.cpp">
      <Filter>sources</Filter>
    </ClCompile>
  </ItemGroup>
  <ItemGroup>
    <ClInclude Include="..\..\..\..\sources\sc_console\Rapporteur.h">
      <Filter>sources</Filter>
    </ClInclude>
  </ItemGroup>
</Project>